
Microsoft Visual Studio Solution File, Format Version 12.00
# Visual Studio Version 17
VisualStudioVersion = 17.12.35514.174
MinimumVisualStudioVersion = 10.0.40219.1
Project("{FAE04EC0-301F-11D3-BF4B-00C04F79EFBC}") = "Laboratory 9", "Laboratory 9.csproj", "{04A030E8-CA0C-46A0-BE22-F86EC6A8E6FC}"
EndProject
Project("{FAE04EC0-301F-11D3-BF4B-00C04F79EFBC}") = "UnitTestProjectLab9", "..\UnitTestProjectLab9\UnitTestProjectLab9.csproj", "{0B987A6A-3E8B-4391-9345-FAB943EB1391}"
	ProjectSection(ProjectDependencies) = postProject
		{04A030E8-CA0C-46A0-BE22-F86EC6A8E6FC} = {04A030E8-CA0C-46A0-BE22-F86EC6A8E6FC}
	EndProjectSection
EndProject
Global
	GlobalSection(SolutionConfigurationPlatforms) = preSolution
		Debug|Any CPU = Debug|Any CPU
		Release|Any CPU = Release|Any CPU
	EndGlobalSection
	GlobalSection(ProjectConfigurationPlatforms) = postSolution
		{04A030E8-CA0C-46A0-BE22-F86EC6A8E6FC}.Debug|Any CPU.ActiveCfg = Debug|Any CPU
		{04A030E8-CA0C-46A0-BE22-F86EC6A8E6FC}.Debug|Any CPU.Build.0 = Debug|Any CPU
		{04A030E8-CA0C-46A0-BE22-F86EC6A8E6FC}.Release|Any CPU.ActiveCfg = Release|Any CPU
		{04A030E8-CA0C-46A0-BE22-F86EC6A8E6FC}.Release|Any CPU.Build.0 = Release|Any CPU
		{0B987A6A-3E8B-4391-9345-FAB943EB1391}.Debug|Any CPU.ActiveCfg = Debug|Any CPU
		{0B987A6A-3E8B-4391-9345-FAB943EB1391}.Debug|Any CPU.Build.0 = Debug|Any CPU
		{0B987A6A-3E8B-4391-9345-FAB943EB1391}.Release|Any CPU.ActiveCfg = Release|Any CPU
		{0B987A6A-3E8B-4391-9345-FAB943EB1391}.Release|Any CPU.Build.0 = Release|Any CPU
	EndGlobalSection
	GlobalSection(SolutionProperties) = preSolution
		HideSolutionNode = FALSE
	EndGlobalSection
EndGlobal
